{
  "name": "solution",
  "lockfileVersion": 2,
  "requires": true,
  "packages": {
    "": {
      "dependencies": {
        "cycletls": "^1.0.21"
      }
    },
    "node_modules/@types/node": {
      "version": "17.0.45",
      "resolved": "https://registry.npmjs.org/@types/node/-/node-17.0.45.tgz",
      "integrity": "sha512-w+tIMs3rq2afQdsPJlODhoUEKzFP1ayaoyl1CcnwtIlsVe7K7bA1NGm4s3PraqTLlXnbIN84zuBlxBWo1u9BLw=="
    },
    "node_modules/cycletls": {
      "version": "1.0.21",
      "resolved": "https://registry.npmjs.org/cycletls/-/cycletls-1.0.21.tgz",
      "integrity": "sha512-Ccox1s+3mhoc/SOlzAXH2EqyKPc3PlJ6WVvshgzBn99ihDSmp/GQJqPw7TKBLO5pJMZtrl9B7s8cMdrwOoORbQ==",
      "dependencies": {
        "@types/node": "^17.0.24",
        "ws": "^7.5.7"
      }
    },
    "node_modules/ws": {
      "version": "7.5.9",
      "resolved": "https://registry.npmjs.org/ws/-/ws-7.5.9.tgz",
      "integrity": "sha512-F+P9Jil7UiSKSkppIiD94dN07AwvFixvLIj1Og1Rl9GGMuNipJnV9JzjD6XuqmAeiswGvUmNLjr5cFuXwNS77Q==",
      "engines": {
        "node": ">=8.3.0"
      },
      "peerDependencies": {
        "bufferutil": "^4.0.1",
        "utf-8-validate": "^5.0.2"
      },
      "peerDependenciesMeta": {
        "bufferutil": {
          "optional": true
        },
        "utf-8-validate": {
          "optional": true
        }
      }
    }
  },
  "dependencies": {
    "@types/node": {
      "version": "17.0.45",
      "resolved": "https://registry.npmjs.org/@types/node/-/node-17.0.45.tgz",
      "integrity": "sha512-w+tIMs3rq2afQdsPJlODhoUEKzFP1ayaoyl1CcnwtIlsVe7K7bA1NGm4s3PraqTLlXnbIN84zuBlxBWo1u9BLw=="
    },
    "cycletls": {
      "version": "1.0.21",
      "resolved": "https://registry.npmjs.org/cycletls/-/cycletls-1.0.21.tgz",
      "integrity": "sha512-Ccox1s+3mhoc/SOlzAXH2EqyKPc3PlJ6WVvshgzBn99ihDSmp/GQJqPw7TKBLO5pJMZtrl9B7s8cMdrwOoORbQ==",
      "requires": {
        "@types/node": "^17.0.24",
        "ws": "^7.5.7"
      }
    },
    "ws": {
      "version": "7.5.9",
      "resolved": "https://registry.npmjs.org/ws/-/ws-7.5.9.tgz",
      "integrity": "sha512-F+P9Jil7UiSKSkppIiD94dN07AwvFixvLIj1Og1Rl9GGMuNipJnV9JzjD6XuqmAeiswGvUmNLjr5cFuXwNS77Q==",
      "requires": {}
    }
  }
}
